// !$*UTF8*$!
{
	archiveVersion = 1;
	classes = {
	};
	objectVersion = 56;
	objects = {

/* Begin PBXBuildFile section */
		FB03A4F22C92BBBC00679453 /* CalculateViewModel.swift in Sources */ = {isa = PBXBuildFile; fileRef = FB03A4F12C92BBBC00679453 /* CalculateViewModel.swift */; };
		FB03A4F52C92C02D00679453 /* Lottie in Frameworks */ = {isa = PBXBuildFile; productRef = FB03A4F42C92C02D00679453 /* Lottie */; };
		FB03A4F72C92C12A00679453 /* Animation - 1726122307615.json in Resources */ = {isa = PBXBuildFile; fileRef = FB03A4F62C92C12A00679453 /* Animation - 1726122307615.json */; };
		FB03A4FA2C92DA8300679453 /* UIOnboarding in Frameworks */ = {isa = PBXBuildFile; productRef = FB03A4F92C92DA8300679453 /* UIOnboarding */; };
		FB03A4FC2C92DB7600679453 /* OnboardingView.swift in Sources */ = {isa = PBXBuildFile; fileRef = FB03A4FB2C92DB7600679453 /* OnboardingView.swift */; };
		FB03A4FE2C92DBE000679453 /* UIOnboardingHelper.swift in Sources */ = {isa = PBXBuildFile; fileRef = FB03A4FD2C92DBE000679453 /* UIOnboardingHelper.swift */; };
		FB37F8392C9203ED006DB066 /* BannerViewController.swift in Sources */ = {isa = PBXBuildFile; fileRef = FB37F8382C9203ED006DB066 /* BannerViewController.swift */; };
		FB37F83B2C92060B006DB066 /* BannerView.swift in Sources */ = {isa = PBXBuildFile; fileRef = FB37F83A2C92060B006DB066 /* BannerView.swift */; };
		FB3909642C47EE2A009698D2 /* HesaplaButton.swift in Sources */ = {isa = PBXBuildFile; fileRef = FB3909632C47EE2A009698D2 /* HesaplaButton.swift */; };
		FB3E75552C91F470001A1D92 /* GoogleMobileAds in Frameworks */ = {isa = PBXBuildFile; productRef = FB3E75542C91F470001A1D92 /* GoogleMobileAds */; };
		FB40C0302C3EAE300040FDF2 /* KpssPuanHesaplamaApp.swift in Sources */ = {isa = PBXBuildFile; fileRef = FB40C02F2C3EAE300040FDF2 /* KpssPuanHesaplamaApp.swift */; };
		FB40C0342C3EAE310040FDF2 /* Assets.xcassets in Resources */ = {isa = PBXBuildFile; fileRef = FB40C0332C3EAE310040FDF2 /* Assets.xcassets */; };
		FB40C0372C3EAE310040FDF2 /* Preview Assets.xcassets in Resources */ = {isa = PBXBuildFile; fileRef = FB40C0362C3EAE310040FDF2 /* Preview Assets.xcassets */; };
		FB40C03E2C3EB35E0040FDF2 /* RootView.swift in Sources */ = {isa = PBXBuildFile; fileRef = FB40C03D2C3EB35E0040FDF2 /* RootView.swift */; };
		FB40C0422C3EB3DB0040FDF2 /* MainView.swift in Sources */ = {isa = PBXBuildFile; fileRef = FB40C0412C3EB3DB0040FDF2 /* MainView.swift */; };
		FB40C0442C3EB3E80040FDF2 /* ResultView.swift in Sources */ = {isa = PBXBuildFile; fileRef = FB40C0432C3EB3E80040FDF2 /* ResultView.swift */; };
		FB40C0462C3EC5180040FDF2 /* OrtaogretimView.swift in Sources */ = {isa = PBXBuildFile; fileRef = FB40C0452C3EC5180040FDF2 /* OrtaogretimView.swift */; };
		FB40C0482C3EC5250040FDF2 /* OnLisansView.swift in Sources */ = {isa = PBXBuildFile; fileRef = FB40C0472C3EC5250040FDF2 /* OnLisansView.swift */; };
		FB40C04A2C3EC5310040FDF2 /* LisansView.swift in Sources */ = {isa = PBXBuildFile; fileRef = FB40C0492C3EC5310040FDF2 /* LisansView.swift */; };
		FB40C04C2C3EC5400040FDF2 /* EgitimBilimleriView.swift in Sources */ = {isa = PBXBuildFile; fileRef = FB40C04B2C3EC5400040FDF2 /* EgitimBilimleriView.swift */; };
		FB40C04E2C3EC54F0040FDF2 /* OABTView.swift in Sources */ = {isa = PBXBuildFile; fileRef = FB40C04D2C3EC54F0040FDF2 /* OABTView.swift */; };
		FB4E72782C9233F600C3842E /* AddCoordinator.swift in Sources */ = {isa = PBXBuildFile; fileRef = FB4E72772C9233F600C3842E /* AddCoordinator.swift */; };
		FB5922792C8F3A0100FE92E0 /* SonucView.swift in Sources */ = {isa = PBXBuildFile; fileRef = FB5922782C8F3A0100FE92E0 /* SonucView.swift */; };
		FBA7E2E32C90872F006B14D3 /* Constant.swift in Sources */ = {isa = PBXBuildFile; fileRef = FBA7E2E22C90872F006B14D3 /* Constant.swift */; };
		FBA7E2E62C909EA0006B14D3 /* Result.swift in Sources */ = {isa = PBXBuildFile; fileRef = FBA7E2E52C909EA0006B14D3 /* Result.swift */; };
/* End PBXBuildFile section */

/* Begin PBXFileReference section */
		FB03A4F12C92BBBC00679453 /* CalculateViewModel.swift */ = {isa = PBXFileReference; lastKnownFileType = sourcecode.swift; path = CalculateViewModel.swift; sourceTree = "<group>"; };
		FB03A4F62C92C12A00679453 /* Animation - 1726122307615.json */ = {isa = PBXFileReference; fileEncoding = 4; lastKnownFileType = text.json; path = "Animation - 1726122307615.json"; sourceTree = "<group>"; };
		FB03A4FB2C92DB7600679453 /* OnboardingView.swift */ = {isa = PBXFileReference; lastKnownFileType = sourcecode.swift; path = OnboardingView.swift; sourceTree = "<group>"; };
		FB03A4FD2C92DBE000679453 /* UIOnboardingHelper.swift */ = {isa = PBXFileReference; lastKnownFileType = sourcecode.swift; path = UIOnboardingHelper.swift; sourceTree = "<group>"; };
		FB37F8382C9203ED006DB066 /* BannerViewController.swift */ = {isa = PBXFileReference; lastKnownFileType = sourcecode.swift; path = BannerViewController.swift; sourceTree = "<group>"; };
		FB37F83A2C92060B006DB066 /* BannerView.swift */ = {isa = PBXFileReference; lastKnownFileType = sourcecode.swift; path = BannerView.swift; sourceTree = "<group>"; };
		FB3909632C47EE2A009698D2 /* HesaplaButton.swift */ = {isa = PBXFileReference; lastKnownFileType = sourcecode.swift; path = HesaplaButton.swift; sourceTree = "<group>"; };
		FB3E75562C91F4B1001A1D92 /* Info.plist */ = {isa = PBXFileReference; lastKnownFileType = text.plist; path = Info.plist; sourceTree = "<group>"; };
		FB40C02C2C3EAE300040FDF2 /* KpssPuanHesaplama.app */ = {isa = PBXFileReference; explicitFileType = wrapper.application; includeInIndex = 0; path = KpssPuanHesaplama.app; sourceTree = BUILT_PRODUCTS_DIR; };
		FB40C02F2C3EAE300040FDF2 /* KpssPuanHesaplamaApp.swift */ = {isa = PBXFileReference; lastKnownFileType = sourcecode.swift; path = KpssPuanHesaplamaApp.swift; sourceTree = "<group>"; };
		FB40C0332C3EAE310040FDF2 /* Assets.xcassets */ = {isa = PBXFileReference; lastKnownFileType = folder.assetcatalog; path = Assets.xcassets; sourceTree = "<group>"; };
		FB40C0362C3EAE310040FDF2 /* Preview Assets.xcassets */ = {isa = PBXFileReference; lastKnownFileType = folder.assetcatalog; path = "Preview Assets.xcassets"; sourceTree = "<group>"; };
		FB40C03D2C3EB35E0040FDF2 /* RootView.swift */ = {isa = PBXFileReference; lastKnownFileType = sourcecode.swift; path = RootView.swift; sourceTree = "<group>"; };
		FB40C0412C3EB3DB0040FDF2 /* MainView.swift */ = {isa = PBXFileReference; lastKnownFileType = sourcecode.swift; path = MainView.swift; sourceTree = "<group>"; };
		FB40C0432C3EB3E80040FDF2 /* ResultView.swift */ = {isa = PBXFileReference; lastKnownFileType = sourcecode.swift; path = ResultView.swift; sourceTree = "<group>"; };
		FB40C0452C3EC5180040FDF2 /* OrtaogretimView.swift */ = {isa = PBXFileReference; lastKnownFileType = sourcecode.swift; path = OrtaogretimView.swift; sourceTree = "<group>"; };
		FB40C0472C3EC5250040FDF2 /* OnLisansView.swift */ = {isa = PBXFileReference; lastKnownFileType = sourcecode.swift; path = OnLisansView.swift; sourceTree = "<group>"; };
		FB40C0492C3EC5310040FDF2 /* LisansView.swift */ = {isa = PBXFileReference; lastKnownFileType = sourcecode.swift; path = LisansView.swift; sourceTree = "<group>"; };
		FB40C04B2C3EC5400040FDF2 /* EgitimBilimleriView.swift */ = {isa = PBXFileReference; lastKnownFileType = sourcecode.swift; path = EgitimBilimleriView.swift; sourceTree = "<group>"; };
		FB40C04D2C3EC54F0040FDF2 /* OABTView.swift */ = {isa = PBXFileReference; lastKnownFileType = sourcecode.swift; path = OABTView.swift; sourceTree = "<group>"; };
		FB4E72772C9233F600C3842E /* AddCoordinator.swift */ = {isa = PBXFileReference; lastKnownFileType = sourcecode.swift; path = AddCoordinator.swift; sourceTree = "<group>"; };
		FB5922782C8F3A0100FE92E0 /* SonucView.swift */ = {isa = PBXFileReference; lastKnownFileType = sourcecode.swift; path = SonucView.swift; sourceTree = "<group>"; };
		FBA7E2E22C90872F006B14D3 /* Constant.swift */ = {isa = PBXFileReference; lastKnownFileType = sourcecode.swift; path = Constant.swift; sourceTree = "<group>"; };
		FBA7E2E52C909EA0006B14D3 /* Result.swift */ = {isa = PBXFileReference; lastKnownFileType = sourcecode.swift; path = Result.swift; sourceTree = "<group>"; };
/* End PBXFileReference section */

/* Begin PBXFrameworksBuildPhase section */
		FB40C0292C3EAE300040FDF2 /* Frameworks */ = {
			isa = PBXFrameworksBuildPhase;
			buildActionMask = 2147483647;
			files = (
				FB3E75552C91F470001A1D92 /* GoogleMobileAds in Frameworks */,
				FB03A4FA2C92DA8300679453 /* UIOnboarding in Frameworks */,
				FB03A4F52C92C02D00679453 /* Lottie in Frameworks */,
			);
			runOnlyForDeploymentPostprocessing = 0;
		};
/* End PBXFrameworksBuildPhase section */

/* Begin PBXGroup section */
		FB03A4F02C92BB9400679453 /* ViewModel */ = {
			isa = PBXGroup;
			children = (
				FB03A4F12C92BBBC00679453 /* CalculateViewModel.swift */,
			);
			path = ViewModel;
			sourceTree = "<group>";
		};
		FB37F8372C9203C0006DB066 /* Admob */ = {
			isa = PBXGroup;
			children = (
				FB37F8382C9203ED006DB066 /* BannerViewController.swift */,
				FB37F83A2C92060B006DB066 /* BannerView.swift */,
				FB4E72772C9233F600C3842E /* AddCoordinator.swift */,
			);
			path = Admob;
			sourceTree = "<group>";
		};
		FB3909622C47EDFF009698D2 /* SharedViews */ = {
			isa = PBXGroup;
			children = (
				FB3909632C47EE2A009698D2 /* HesaplaButton.swift */,
				FB5922782C8F3A0100FE92E0 /* SonucView.swift */,
			);
			path = SharedViews;
			sourceTree = "<group>";
		};
		FB40C0232C3EAE300040FDF2 = {
			isa = PBXGroup;
			children = (
				FB40C02E2C3EAE300040FDF2 /* KpssPuanHesaplama */,
				FB40C02D2C3EAE300040FDF2 /* Products */,
			);
			sourceTree = "<group>";
		};
		FB40C02D2C3EAE300040FDF2 /* Products */ = {
			isa = PBXGroup;
			children = (
				FB40C02C2C3EAE300040FDF2 /* KpssPuanHesaplama.app */,
			);
			name = Products;
			sourceTree = "<group>";
		};
		FB40C02E2C3EAE300040FDF2 /* KpssPuanHesaplama */ = {
			isa = PBXGroup;
			children = (
				FB3E75562C91F4B1001A1D92 /* Info.plist */,
				FBA7E2E42C909E8F006B14D3 /* Model */,
				FB40C0402C3EB3AE0040FDF2 /* Views */,
				FB40C03F2C3EB39E0040FDF2 /* Resources */,
				FB03A4F02C92BB9400679453 /* ViewModel */,
				FB40C0352C3EAE310040FDF2 /* Preview Content */,
			);
			path = KpssPuanHesaplama;
			sourceTree = "<group>";
		};
		FB40C0352C3EAE310040FDF2 /* Preview Content */ = {
			isa = PBXGroup;
			children = (
				FB40C0362C3EAE310040FDF2 /* Preview Assets.xcassets */,
			);
			path = "Preview Content";
			sourceTree = "<group>";
		};
		FB40C03F2C3EB39E0040FDF2 /* Resources */ = {
			isa = PBXGroup;
			children = (
				FB03A4F62C92C12A00679453 /* Animation - 1726122307615.json */,
				FB40C02F2C3EAE300040FDF2 /* KpssPuanHesaplamaApp.swift */,
				FB40C0332C3EAE310040FDF2 /* Assets.xcassets */,
			);
			path = Resources;
			sourceTree = "<group>";
		};
		FB40C0402C3EB3AE0040FDF2 /* Views */ = {
			isa = PBXGroup;
			children = (
				FBA7E2E12C908700006B14D3 /* Helpers */,
				FB3909622C47EDFF009698D2 /* SharedViews */,
				FB40C03D2C3EB35E0040FDF2 /* RootView.swift */,
				FB40C0412C3EB3DB0040FDF2 /* MainView.swift */,
				FB40C0432C3EB3E80040FDF2 /* ResultView.swift */,
				FB40C0452C3EC5180040FDF2 /* OrtaogretimView.swift */,
				FB40C0472C3EC5250040FDF2 /* OnLisansView.swift */,
				FB40C0492C3EC5310040FDF2 /* LisansView.swift */,
				FB40C04B2C3EC5400040FDF2 /* EgitimBilimleriView.swift */,
				FB40C04D2C3EC54F0040FDF2 /* OABTView.swift */,
			);
			path = Views;
			sourceTree = "<group>";
		};
		FBA7E2E12C908700006B14D3 /* Helpers */ = {
			isa = PBXGroup;
			children = (
				FB37F8372C9203C0006DB066 /* Admob */,
				FBA7E2E22C90872F006B14D3 /* Constant.swift */,
				FB03A4FB2C92DB7600679453 /* OnboardingView.swift */,
				FB03A4FD2C92DBE000679453 /* UIOnboardingHelper.swift */,
			);
			path = Helpers;
			sourceTree = "<group>";
		};
		FBA7E2E42C909E8F006B14D3 /* Model */ = {
			isa = PBXGroup;
			children = (
				FBA7E2E52C909EA0006B14D3 /* Result.swift */,
			);
			path = Model;
			sourceTree = "<group>";
		};
/* End PBXGroup section */

/* Begin PBXNativeTarget section */
		FB40C02B2C3EAE300040FDF2 /* KpssPuanHesaplama */ = {
			isa = PBXNativeTarget;
			buildConfigurationList = FB40C03A2C3EAE310040FDF2 /* Build configuration list for PBXNativeTarget "KpssPuanHesaplama" */;
			buildPhases = (
				FB40C0282C3EAE300040FDF2 /* Sources */,
				FB40C0292C3EAE300040FDF2 /* Frameworks */,
				FB40C02A2C3EAE300040FDF2 /* Resources */,
			);
			buildRules = (
			);
			dependencies = (
			);
			name = KpssPuanHesaplama;
			packageProductDependencies = (
				FB3E75542C91F470001A1D92 /* GoogleMobileAds */,
				FB03A4F42C92C02D00679453 /* Lottie */,
				FB03A4F92C92DA8300679453 /* UIOnboarding */,
			);
			productName = KpssPuanHesaplama;
			productReference = FB40C02C2C3EAE300040FDF2 /* KpssPuanHesaplama.app */;
			productType = "com.apple.product-type.application";
		};
/* End PBXNativeTarget section */

/* Begin PBXProject section */
		FB40C0242C3EAE300040FDF2 /* Project object */ = {
			isa = PBXProject;
			attributes = {
				BuildIndependentTargetsInParallel = 1;
				LastSwiftUpdateCheck = 1530;
				LastUpgradeCheck = 1530;
				TargetAttributes = {
					FB40C02B2C3EAE300040FDF2 = {
						CreatedOnToolsVersion = 15.3;
					};
				};
			};
			buildConfigurationList = FB40C0272C3EAE300040FDF2 /* Build configuration list for PBXProject "KpssPuanHesaplama" */;
			compatibilityVersion = "Xcode 14.0";
			developmentRegion = tr;
			hasScannedForEncodings = 0;
			knownRegions = (
				Base,
				tr,
			);
			mainGroup = FB40C0232C3EAE300040FDF2;
			packageReferences = (
				FB3E75532C91F470001A1D92 /* XCRemoteSwiftPackageReference "swift-package-manager-google-mobile-ads" */,
				FB03A4F32C92C02D00679453 /* XCRemoteSwiftPackageReference "lottie-ios" */,
				FB03A4F82C92DA8300679453 /* XCRemoteSwiftPackageReference "UIOnboarding" */,
			);
			productRefGroup = FB40C02D2C3EAE300040FDF2 /* Products */;
			projectDirPath = "";
			projectRoot = "";
			targets = (
				FB40C02B2C3EAE300040FDF2 /* KpssPuanHesaplama */,
			);
		};
/* End PBXProject section */

/* Begin PBXResourcesBuildPhase section */
		FB40C02A2C3EAE300040FDF2 /* Resources */ = {
			isa = PBXResourcesBuildPhase;
			buildActionMask = 2147483647;
			files = (
				FB40C0372C3EAE310040FDF2 /* Preview Assets.xcassets in Resources */,
				FB03A4F72C92C12A00679453 /* Animation - 1726122307615.json in Resources */,
				FB40C0342C3EAE310040FDF2 /* Assets.xcassets in Resources */,
			);
			runOnlyForDeploymentPostprocessing = 0;
		};
/* End PBXResourcesBuildPhase section */

/* Begin PBXSourcesBuildPhase section */
		FB40C0282C3EAE300040FDF2 /* Sources */ = {
			isa = PBXSourcesBuildPhase;
			buildActionMask = 2147483647;
			files = (
				FB3909642C47EE2A009698D2 /* HesaplaButton.swift in Sources */,
				FBA7E2E62C909EA0006B14D3 /* Result.swift in Sources */,
				FB40C04A2C3EC5310040FDF2 /* LisansView.swift in Sources */,
				FB03A4FC2C92DB7600679453 /* OnboardingView.swift in Sources */,
				FB03A4F22C92BBBC00679453 /* CalculateViewModel.swift in Sources */,
				FB40C03E2C3EB35E0040FDF2 /* RootView.swift in Sources */,
				FB40C0462C3EC5180040FDF2 /* OrtaogretimView.swift in Sources */,
				FB37F83B2C92060B006DB066 /* BannerView.swift in Sources */,
				FB40C0442C3EB3E80040FDF2 /* ResultView.swift in Sources */,
				FB37F8392C9203ED006DB066 /* BannerViewController.swift in Sources */,
				FB03A4FE2C92DBE000679453 /* UIOnboardingHelper.swift in Sources */,
				FB40C0422C3EB3DB0040FDF2 /* MainView.swift in Sources */,
				FB40C0302C3EAE300040FDF2 /* KpssPuanHesaplamaApp.swift in Sources */,
				FB40C0482C3EC5250040FDF2 /* OnLisansView.swift in Sources */,
				FB40C04C2C3EC5400040FDF2 /* EgitimBilimleriView.swift in Sources */,
				FB4E72782C9233F600C3842E /* AddCoordinator.swift in Sources */,
				FB40C04E2C3EC54F0040FDF2 /* OABTView.swift in Sources */,
				FB5922792C8F3A0100FE92E0 /* SonucView.swift in Sources */,
				FBA7E2E32C90872F006B14D3 /* Constant.swift in Sources */,
			);
			runOnlyForDeploymentPostprocessing = 0;
		};
/* End PBXSourcesBuildPhase section */

/* Begin XCBuildConfiguration section */
		FB40C0382C3EAE310040FDF2 /* Debug */ = {
			isa = XCBuildConfiguration;
			buildSettings = {
				ALWAYS_SEARCH_USER_PATHS = NO;
				ASSETCATALOG_COMPILER_GENERATE_SWIFT_ASSET_SYMBOL_EXTENSIONS = YES;
				CLANG_ANALYZER_NONNULL = YES;
				CLANG_ANALYZER_NUMBER_OBJECT_CONVERSION = YES_AGGRESSIVE;
				CLANG_CXX_LANGUAGE_STANDARD = "gnu++20";
				CLANG_ENABLE_MODULES = YES;
				CLANG_ENABLE_OBJC_ARC = YES;
				CLANG_ENABLE_OBJC_WEAK = YES;
				CLANG_WARN_BLOCK_CAPTURE_AUTORELEASING = YES;
				CLANG_WARN_BOOL_CONVERSION = YES;
				CLANG_WARN_COMMA = YES;
				CLANG_WARN_CONSTANT_CONVERSION = YES;
				CLANG_WARN_DEPRECATED_OBJC_IMPLEMENTATIONS = YES;
				CLANG_WARN_DIRECT_OBJC_ISA_USAGE = YES_ERROR;
				CLANG_WARN_DOCUMENTATION_COMMENTS = YES;
				CLANG_WARN_EMPTY_BODY = YES;
				CLANG_WARN_ENUM_CONVERSION = YES;
				CLANG_WARN_INFINITE_RECURSION = YES;
				CLANG_WARN_INT_CONVERSION = YES;
				CLANG_WARN_NON_LITERAL_NULL_CONVERSION = YES;
				CLANG_WARN_OBJC_IMPLICIT_RETAIN_SELF = YES;
				CLANG_WARN_OBJC_LITERAL_CONVERSION = YES;
				CLANG_WARN_OBJC_ROOT_CLASS = YES_ERROR;
				CLANG_WARN_QUOTED_INCLUDE_IN_FRAMEWORK_HEADER = YES;
				CLANG_WARN_RANGE_LOOP_ANALYSIS = YES;
				CLANG_WARN_STRICT_PROTOTYPES = YES;
				CLANG_WARN_SUSPICIOUS_MOVE = YES;
				CLANG_WARN_UNGUARDED_AVAILABILITY = YES_AGGRESSIVE;
				CLANG_WARN_UNREACHABLE_CODE = YES;
				CLANG_WARN__DUPLICATE_METHOD_MATCH = YES;
				COPY_PHASE_STRIP = NO;
				DEBUG_INFORMATION_FORMAT = dwarf;
				ENABLE_STRICT_OBJC_MSGSEND = YES;
				ENABLE_TESTABILITY = YES;
				ENABLE_USER_SCRIPT_SANDBOXING = YES;
				GCC_C_LANGUAGE_STANDARD = gnu17;
				GCC_DYNAMIC_NO_PIC = NO;
				GCC_NO_COMMON_BLOCKS = YES;
				GCC_OPTIMIZATION_LEVEL = 0;
				GCC_PREPROCESSOR_DEFINITIONS = (
					"DEBUG=1",
					"$(inherited)",
				);
				GCC_WARN_64_TO_32_BIT_CONVERSION = YES;
				GCC_WARN_ABOUT_RETURN_TYPE = YES_ERROR;
				GCC_WARN_UNDECLARED_SELECTOR = YES;
				GCC_WARN_UNINITIALIZED_AUTOS = YES_AGGRESSIVE;
				GCC_WARN_UNUSED_FUNCTION = YES;
				GCC_WARN_UNUSED_VARIABLE = YES;
				IPHONEOS_DEPLOYMENT_TARGET = 17.4;
				LOCALIZATION_PREFERS_STRING_CATALOGS = YES;
				MTL_ENABLE_DEBUG_INFO = INCLUDE_SOURCE;
				MTL_FAST_MATH = YES;
				ONLY_ACTIVE_ARCH = YES;
				SDKROOT = iphoneos;
				SWIFT_ACTIVE_COMPILATION_CONDITIONS = "DEBUG $(inherited)";
				SWIFT_OPTIMIZATION_LEVEL = "-Onone";
			};
			name = Debug;
		};
		FB40C0392C3EAE310040FDF2 /* Release */ = {
			isa = XCBuildConfiguration;
			buildSettings = {
				ALWAYS_SEARCH_USER_PATHS = NO;
				ASSETCATALOG_COMPILER_GENERATE_SWIFT_ASSET_SYMBOL_EXTENSIONS = YES;
				CLANG_ANALYZER_NONNULL = YES;
				CLANG_ANALYZER_NUMBER_OBJECT_CONVERSION = YES_AGGRESSIVE;
				CLANG_CXX_LANGUAGE_STANDARD = "gnu++20";
				CLANG_ENABLE_MODULES = YES;
				CLANG_ENABLE_OBJC_ARC = YES;
				CLANG_ENABLE_OBJC_WEAK = YES;
				CLANG_WARN_BLOCK_CAPTURE_AUTORELEASING = YES;
				CLANG_WARN_BOOL_CONVERSION = YES;
				CLANG_WARN_COMMA = YES;
				CLANG_WARN_CONSTANT_CONVERSION = YES;
				CLANG_WARN_DEPRECATED_OBJC_IMPLEMENTATIONS = YES;
				CLANG_WARN_DIRECT_OBJC_ISA_USAGE = YES_ERROR;
				CLANG_WARN_DOCUMENTATION_COMMENTS = YES;
				CLANG_WARN_EMPTY_BODY = YES;
				CLANG_WARN_ENUM_CONVERSION = YES;
				CLANG_WARN_INFINITE_RECURSION = YES;
				CLANG_WARN_INT_CONVERSION = YES;
				CLANG_WARN_NON_LITERAL_NULL_CONVERSION = YES;
				CLANG_WARN_OBJC_IMPLICIT_RETAIN_SELF = YES;
				CLANG_WARN_OBJC_LITERAL_CONVERSION = YES;
				CLANG_WARN_OBJC_ROOT_CLASS = YES_ERROR;
				CLANG_WARN_QUOTED_INCLUDE_IN_FRAMEWORK_HEADER = YES;
				CLANG_WARN_RANGE_LOOP_ANALYSIS = YES;
				CLANG_WARN_STRICT_PROTOTYPES = YES;
				CLANG_WARN_SUSPICIOUS_MOVE = YES;
				CLANG_WARN_UNGUARDED_AVAILABILITY = YES_AGGRESSIVE;
				CLANG_WARN_UNREACHABLE_CODE = YES;
				CLANG_WARN__DUPLICATE_METHOD_MATCH = YES;
				COPY_PHASE_STRIP = NO;
				DEBUG_INFORMATION_FORMAT = "dwarf-with-dsym";
				ENABLE_NS_ASSERTIONS = NO;
				ENABLE_STRICT_OBJC_MSGSEND = YES;
				ENABLE_USER_SCRIPT_SANDBOXING = YES;
				GCC_C_LANGUAGE_STANDARD = gnu17;
				GCC_NO_COMMON_BLOCKS = YES;
				GCC_WARN_64_TO_32_BIT_CONVERSION = YES;
				GCC_WARN_ABOUT_RETURN_TYPE = YES_ERROR;
				GCC_WARN_UNDECLARED_SELECTOR = YES;
				GCC_WARN_UNINITIALIZED_AUTOS = YES_AGGRESSIVE;
				GCC_WARN_UNUSED_FUNCTION = YES;
				GCC_WARN_UNUSED_VARIABLE = YES;
				IPHONEOS_DEPLOYMENT_TARGET = 17.4;
				LOCALIZATION_PREFERS_STRING_CATALOGS = YES;
				MTL_ENABLE_DEBUG_INFO = NO;
				MTL_FAST_MATH = YES;
				SDKROOT = iphoneos;
				SWIFT_COMPILATION_MODE = wholemodule;
				VALIDATE_PRODUCT = YES;
			};
			name = Release;
		};
		FB40C03B2C3EAE310040FDF2 /* Debug */ = {
			isa = XCBuildConfiguration;
			buildSettings = {
				ASSETCATALOG_COMPILER_APPICON_NAME = AppIcon;
				ASSETCATALOG_COMPILER_GLOBAL_ACCENT_COLOR_NAME = AccentColor;
				CODE_SIGN_STYLE = Automatic;
				CURRENT_PROJECT_VERSION = 1;
				DEVELOPMENT_ASSET_PATHS = "\"KpssPuanHesaplama/Preview Content\"";
				DEVELOPMENT_TEAM = AAS9DNLG6G;
				ENABLE_PREVIEWS = YES;
				GENERATE_INFOPLIST_FILE = YES;
				INFOPLIST_FILE = KpssPuanHesaplama/Info.plist;
				INFOPLIST_KEY_CFBundleDisplayName = "Puan Hesaplama";
				INFOPLIST_KEY_NSUserTrackingUsageDescription = "Reklamları sizin için daha kişileştirilmiş hale getirmek için izin verir misiniz ?";
				INFOPLIST_KEY_UIApplicationSceneManifest_Generation = YES;
				INFOPLIST_KEY_UIApplicationSupportsIndirectInputEvents = YES;
				INFOPLIST_KEY_UILaunchScreen_Generation = YES;
				INFOPLIST_KEY_UISupportedInterfaceOrientations_iPad = "UIInterfaceOrientationPortrait UIInterfaceOrientationPortraitUpsideDown UIInterfaceOrientationLandscapeLeft UIInterfaceOrientationLandscapeRight";
				INFOPLIST_KEY_UISupportedInterfaceOrientations_iPhone = "UIInterfaceOrientationPortrait UIInterfaceOrientationLandscapeLeft UIInterfaceOrientationLandscapeRight";
				LD_RUNPATH_SEARCH_PATHS = (
					"$(inherited)",
					"@executable_path/Frameworks",
				);
				MARKETING_VERSION = 1.0;
				PRODUCT_BUNDLE_IDENTIFIER = com.tahiratakancan.KpssPuanHesaplama;
				PRODUCT_NAME = "$(TARGET_NAME)";
				SWIFT_EMIT_LOC_STRINGS = YES;
				SWIFT_VERSION = 5.0;
				TARGETED_DEVICE_FAMILY = "1,2";
			};
			name = Debug;
		};
		FB40C03C2C3EAE310040FDF2 /* Release */ = {
			isa = XCBuildConfiguration;
			buildSettings = {
				ASSETCATALOG_COMPILER_APPICON_NAME = AppIcon;
				ASSETCATALOG_COMPILER_GLOBAL_ACCENT_COLOR_NAME = AccentColor;
				CODE_SIGN_STYLE = Automatic;
				CURRENT_PROJECT_VERSION = 1;
				DEVELOPMENT_ASSET_PATHS = "\"KpssPuanHesaplama/Preview Content\"";
				DEVELOPMENT_TEAM = AAS9DNLG6G;
				ENABLE_PREVIEWS = YES;
				GENERATE_INFOPLIST_FILE = YES;
				INFOPLIST_FILE = KpssPuanHesaplama/Info.plist;
				INFOPLIST_KEY_CFBundleDisplayName = "Puan Hesaplama";
				INFOPLIST_KEY_NSUserTrackingUsageDescription = "Reklamları sizin için daha kişileştirilmiş hale getirmek için izin verir misiniz ?";
				INFOPLIST_KEY_UIApplicationSceneManifest_Generation = YES;
				INFOPLIST_KEY_UIApplicationSupportsIndirectInputEvents = YES;
				INFOPLIST_KEY_UILaunchScreen_Generation = YES;
				INFOPLIST_KEY_UISupportedInterfaceOrientations_iPad = "UIInterfaceOrientationPortrait UIInterfaceOrientationPortraitUpsideDown UIInterfaceOrientationLandscapeLeft UIInterfaceOrientationLandscapeRight";
				INFOPLIST_KEY_UISupportedInterfaceOrientations_iPhone = "UIInterfaceOrientationPortrait UIInterfaceOrientationLandscapeLeft UIInterfaceOrientationLandscapeRight";
				LD_RUNPATH_SEARCH_PATHS = (
					"$(inherited)",
					"@executable_path/Frameworks",
				);
				MARKETING_VERSION = 1.0;
				PRODUCT_BUNDLE_IDENTIFIER = com.tahiratakancan.KpssPuanHesaplama;
				PRODUCT_NAME = "$(TARGET_NAME)";
				SWIFT_EMIT_LOC_STRINGS = YES;
				SWIFT_VERSION = 5.0;
				TARGETED_DEVICE_FAMILY = "1,2";
			};
			name = Release;
		};
/* End XCBuildConfiguration section */

/* Begin XCConfigurationList section */
		FB40C0272C3EAE300040FDF2 /* Build configuration list for PBXProject "KpssPuanHesaplama" */ = {
			isa = XCConfigurationList;
			buildConfigurations = (
				FB40C0382C3EAE310040FDF2 /* Debug */,
				FB40C0392C3EAE310040FDF2 /* Release */,
			);
			defaultConfigurationIsVisible = 0;
			defaultConfigurationName = Release;
		};
		FB40C03A2C3EAE310040FDF2 /* Build configuration list for PBXNativeTarget "KpssPuanHesaplama" */ = {
			isa = XCConfigurationList;
			buildConfigurations = (
				FB40C03B2C3EAE310040FDF2 /* Debug */,
				FB40C03C2C3EAE310040FDF2 /* Release */,
			);
			defaultConfigurationIsVisible = 0;
			defaultConfigurationName = Release;
		};
/* End XCConfigurationList section */

/* Begin XCRemoteSwiftPackageReference section */
		FB03A4F32C92C02D00679453 /* XCRemoteSwiftPackageReference "lottie-ios" */ = {
			isa = XCRemoteSwiftPackageReference;
			repositoryURL = "https://github.com/airbnb/lottie-ios.git";
			requirement = {
				kind = upToNextMajorVersion;
				minimumVersion = 4.5.0;
			};
		};
		FB03A4F82C92DA8300679453 /* XCRemoteSwiftPackageReference "UIOnboarding" */ = {
			isa = XCRemoteSwiftPackageReference;
			repositoryURL = "https://github.com/lascic/UIOnboarding.git";
			requirement = {
				kind = upToNextMajorVersion;
				minimumVersion = 2.0.3;
			};
		};
		FB3E75532C91F470001A1D92 /* XCRemoteSwiftPackageReference "swift-package-manager-google-mobile-ads" */ = {
			isa = XCRemoteSwiftPackageReference;
			repositoryURL = "https://github.com/googleads/swift-package-manager-google-mobile-ads.git";
			requirement = {
				kind = upToNextMajorVersion;
				minimumVersion = 11.8.0;
			};
		};
/* End XCRemoteSwiftPackageReference section */

/* Begin XCSwiftPackageProductDependency section */
		FB03A4F42C92C02D00679453 /* Lottie */ = {
			isa = XCSwiftPackageProductDependency;
			package = FB03A4F32C92C02D00679453 /* XCRemoteSwiftPackageReference "lottie-ios" */;
			productName = Lottie;
		};
		FB03A4F92C92DA8300679453 /* UIOnboarding */ = {
			isa = XCSwiftPackageProductDependency;
			package = FB03A4F82C92DA8300679453 /* XCRemoteSwiftPackageReference "UIOnboarding" */;
			productName = UIOnboarding;
		};
		FB3E75542C91F470001A1D92 /* GoogleMobileAds */ = {
			isa = XCSwiftPackageProductDependency;
			package = FB3E75532C91F470001A1D92 /* XCRemoteSwiftPackageReference "swift-package-manager-google-mobile-ads" */;
			productName = GoogleMobileAds;
		};
/* End XCSwiftPackageProductDependency section */
	};
	rootObject = FB40C0242C3EAE300040FDF2 /* Project object */;
}
